
Microsoft Visual Studio Solution File, Format Version 12.00
# Visual Studio Version 16
VisualStudioVersion = 16.0.29728.190
MinimumVisualStudioVersion = 15.0.26124.0
Project("{9A19103F-16F7-4668-BE54-9A1E7A4F7556}") = "Northwind.DataAccess", "Northwind.DataAccess\Northwind.DataAccess.csproj", "{26C57652-5C2F-4590-A81F-D5072579CE4B}"
EndProject
Project("{9A19103F-16F7-4668-BE54-9A1E7A4F7556}") = "Northwind.DataAccess.SqlServer", "Northwind.DataAccess.SqlServer\Northwind.DataAccess.SqlServer.csproj", "{094A70F4-F2CF-468C-80DA-FD41228E878B}"
EndProject
Project("{9A19103F-16F7-4668-BE54-9A1E7A4F7556}") = "Northwind.Services", "Northwind.Services\Northwind.Services.csproj", "{4837C9D5-541C-4132-B56F-F4778C0053DA}"
EndProject
Project("{9A19103F-16F7-4668-BE54-9A1E7A4F7556}") = "Northwind.Services.DataAccess", "Northwind.Services.DataAccess\Northwind.Services.DataAccess.csproj", "{AA1D7305-D750-469E-9E6C-FE232D9F4F29}"
EndProject
Project("{9A19103F-16F7-4668-BE54-9A1E7A4F7556}") = "Northwind.RestApi", "Northwind.RestApi\Northwind.RestApi.csproj", "{127CDC26-32B8-4A3A-BF38-BFFA6EFA2496}"
EndProject
Global
	GlobalSection(SolutionConfigurationPlatforms) = preSolution
		Debug|Any CPU = Debug|Any CPU
		Debug|x64 = Debug|x64
		Debug|x86 = Debug|x86
		Release|Any CPU = Release|Any CPU
		Release|x64 = Release|x64
		Release|x86 = Release|x86
	EndGlobalSection
	GlobalSection(ProjectConfigurationPlatforms) = postSolution
		{26C57652-5C2F-4590-A81F-D5072579CE4B}.Debug|Any CPU.ActiveCfg = Debug|Any CPU
		{26C57652-5C2F-4590-A81F-D5072579CE4B}.Debug|Any CPU.Build.0 = Debug|Any CPU
		{26C57652-5C2F-4590-A81F-D5072579CE4B}.Debug|x64.ActiveCfg = Debug|Any CPU
		{26C57652-5C2F-4590-A81F-D5072579CE4B}.Debug|x64.Build.0 = Debug|Any CPU
		{26C57652-5C2F-4590-A81F-D5072579CE4B}.Debug|x86.ActiveCfg = Debug|Any CPU
		{26C57652-5C2F-4590-A81F-D5072579CE4B}.Debug|x86.Build.0 = Debug|Any CPU
		{26C57652-5C2F-4590-A81F-D5072579CE4B}.Release|Any CPU.ActiveCfg = Release|Any CPU
		{26C57652-5C2F-4590-A81F-D5072579CE4B}.Release|Any CPU.Build.0 = Release|Any CPU
		{26C57652-5C2F-4590-A81F-D5072579CE4B}.Release|x64.ActiveCfg = Release|Any CPU
		{26C57652-5C2F-4590-A81F-D5072579CE4B}.Release|x64.Build.0 = Release|Any CPU
		{26C57652-5C2F-4590-A81F-D5072579CE4B}.Release|x86.ActiveCfg = Release|Any CPU
		{26C57652-5C2F-4590-A81F-D5072579CE4B}.Release|x86.Build.0 = Release|Any CPU
		{094A70F4-F2CF-468C-80DA-FD41228E878B}.Debug|Any CPU.ActiveCfg = Debug|Any CPU
		{094A70F4-F2CF-468C-80DA-FD41228E878B}.Debug|Any CPU.Build.0 = Debug|Any CPU
		{094A70F4-F2CF-468C-80DA-FD41228E878B}.Debug|x64.ActiveCfg = Debug|Any CPU
		{094A70F4-F2CF-468C-80DA-FD41228E878B}.Debug|x64.Build.0 = Debug|Any CPU
		{094A70F4-F2CF-468C-80DA-FD41228E878B}.Debug|x86.ActiveCfg = Debug|Any CPU
		{094A70F4-F2CF-468C-80DA-FD41228E878B}.Debug|x86.Build.0 = Debug|Any CPU
		{094A70F4-F2CF-468C-80DA-FD41228E878B}.Release|Any CPU.ActiveCfg = Release|Any CPU
		{094A70F4-F2CF-468C-80DA-FD41228E878B}.Release|Any CPU.Build.0 = Release|Any CPU
		{094A70F4-F2CF-468C-80DA-FD41228E878B}.Release|x64.ActiveCfg = Release|Any CPU
		{094A70F4-F2CF-468C-80DA-FD41228E878B}.Release|x64.Build.0 = Release|Any CPU
		{094A70F4-F2CF-468C-80DA-FD41228E878B}.Release|x86.ActiveCfg = Release|Any CPU
		{094A70F4-F2CF-468C-80DA-FD41228E878B}.Release|x86.Build.0 = Release|Any CPU
		{4837C9D5-541C-4132-B56F-F4778C0053DA}.Debug|Any CPU.ActiveCfg = Debug|Any CPU
		{4837C9D5-541C-4132-B56F-F4778C0053DA}.Debug|Any CPU.Build.0 = Debug|Any CPU
		{4837C9D5-541C-4132-B56F-F4778C0053DA}.Debug|x64.ActiveCfg = Debug|Any CPU
		{4837C9D5-541C-4132-B56F-F4778C0053DA}.Debug|x64.Build.0 = Debug|Any CPU
		{4837C9D5-541C-4132-B56F-F4778C0053DA}.Debug|x86.ActiveCfg = Debug|Any CPU
		{4837C9D5-541C-4132-B56F-F4778C0053DA}.Debug|x86.Build.0 = Debug|Any CPU
		{4837C9D5-541C-4132-B56F-F4778C0053DA}.Release|Any CPU.ActiveCfg = Release|Any CPU
		{4837C9D5-541C-4132-B56F-F4778C0053DA}.Release|Any CPU.Build.0 = Release|Any CPU
		{4837C9D5-541C-4132-B56F-F4778C0053DA}.Release|x64.ActiveCfg = Release|Any CPU
		{4837C9D5-541C-4132-B56F-F4778C0053DA}.Release|x64.Build.0 = Release|Any CPU
		{4837C9D5-541C-4132-B56F-F4778C0053DA}.Release|x86.ActiveCfg = Release|Any CPU
		{4837C9D5-541C-4132-B56F-F4778C0053DA}.Release|x86.Build.0 = Release|Any CPU
		{AA1D7305-D750-469E-9E6C-FE232D9F4F29}.Debug|Any CPU.ActiveCfg = Debug|Any CPU
		{AA1D7305-D750-469E-9E6C-FE232D9F4F29}.Debug|Any CPU.Build.0 = Debug|Any CPU
		{AA1D7305-D750-469E-9E6C-FE232D9F4F29}.Debug|x64.ActiveCfg = Debug|Any CPU
		{AA1D7305-D750-469E-9E6C-FE232D9F4F29}.Debug|x64.Build.0 = Debug|Any CPU
		{AA1D7305-D750-469E-9E6C-FE232D9F4F29}.Debug|x86.ActiveCfg = Debug|Any CPU
		{AA1D7305-D750-469E-9E6C-FE232D9F4F29}.Debug|x86.Build.0 = Debug|Any CPU
		{AA1D7305-D750-469E-9E6C-FE232D9F4F29}.Release|Any CPU.ActiveCfg = Release|Any CPU
		{AA1D7305-D750-469E-9E6C-FE232D9F4F29}.Release|Any CPU.Build.0 = Release|Any CPU
		{AA1D7305-D750-469E-9E6C-FE232D9F4F29}.Release|x64.ActiveCfg = Release|Any CPU
		{AA1D7305-D750-469E-9E6C-FE232D9F4F29}.Release|x64.Build.0 = Release|Any CPU
		{AA1D7305-D750-469E-9E6C-FE232D9F4F29}.Release|x86.ActiveCfg = Release|Any CPU
		{AA1D7305-D750-469E-9E6C-FE232D9F4F29}.Release|x86.Build.0 = Release|Any CPU
		{127CDC26-32B8-4A3A-BF38-BFFA6EFA2496}.Debug|Any CPU.ActiveCfg = Debug|Any CPU
		{127CDC26-32B8-4A3A-BF38-BFFA6EFA2496}.Debug|Any CPU.Build.0 = Debug|Any CPU
		{127CDC26-32B8-4A3A-BF38-BFFA6EFA2496}.Debug|x64.ActiveCfg = Debug|Any CPU
		{127CDC26-32B8-4A3A-BF38-BFFA6EFA2496}.Debug|x64.Build.0 = Debug|Any CPU
		{127CDC26-32B8-4A3A-BF38-BFFA6EFA2496}.Debug|x86.ActiveCfg = Debug|Any CPU
		{127CDC26-32B8-4A3A-BF38-BFFA6EFA2496}.Debug|x86.Build.0 = Debug|Any CPU
		{127CDC26-32B8-4A3A-BF38-BFFA6EFA2496}.Release|Any CPU.ActiveCfg = Release|Any CPU
		{127CDC26-32B8-4A3A-BF38-BFFA6EFA2496}.Release|Any CPU.Build.0 = Release|Any CPU
		{127CDC26-32B8-4A3A-BF38-BFFA6EFA2496}.Release|x64.ActiveCfg = Release|Any CPU
		{127CDC26-32B8-4A3A-BF38-BFFA6EFA2496}.Release|x64.Build.0 = Release|Any CPU
		{127CDC26-32B8-4A3A-BF38-BFFA6EFA2496}.Release|x86.ActiveCfg = Release|Any CPU
		{127CDC26-32B8-4A3A-BF38-BFFA6EFA2496}.Release|x86.Build.0 = Release|Any CPU
	EndGlobalSection
	GlobalSection(SolutionProperties) = preSolution
		HideSolutionNode = FALSE
	EndGlobalSection
	GlobalSection(ExtensibilityGlobals) = postSolution
		SolutionGuid = {80CEE584-05A5-4201-9529-BF1C1DFF4180}
	EndGlobalSection
EndGlobal
