
Microsoft Visual Studio Solution File, Format Version 12.00
# Visual Studio Version 16
VisualStudioVersion = 16.0.29728.190
MinimumVisualStudioVersion = 15.0.26124.0
Project("{9A19103F-16F7-4668-BE54-9A1E7A4F7556}") = "ReportingApp", "ReportingApp\ReportingApp.csproj", "{914C6420-EAD3-4169-8145-DAC22DE76C26}"
EndProject
Project("{9A19103F-16F7-4668-BE54-9A1E7A4F7556}") = "Northwind.ReportingServices.OData", "Northwind.ReportingServices.OData\Northwind.ReportingServices.OData.csproj", "{74766D22-D776-4AEA-9082-19B17BC63DE6}"
EndProject
Project("{2150E333-8FDC-42A3-9474-1A3956D46DE8}") = "Solution Items", "Solution Items", "{C4AB0E40-0608-4595-93DA-C4F9AFE3D6ED}"
	ProjectSection(SolutionItems) = preProject
		.editorconfig = .editorconfig
	EndProjectSection
EndProject
Project("{FAE04EC0-301F-11D3-BF4B-00C04F79EFBC}") = "Northwind.ReportingServices.SqlService", "Northwind.ReportingServices.SqlService\Northwind.ReportingServices.SqlService.csproj", "{95D737BE-7270-4DA4-A710-AFD8FA38DA28}"
EndProject
Global
	GlobalSection(SolutionConfigurationPlatforms) = preSolution
		Debug|Any CPU = Debug|Any CPU
		Debug|x64 = Debug|x64
		Debug|x86 = Debug|x86
		Release|Any CPU = Release|Any CPU
		Release|x64 = Release|x64
		Release|x86 = Release|x86
	EndGlobalSection
	GlobalSection(ProjectConfigurationPlatforms) = postSolution
		{914C6420-EAD3-4169-8145-DAC22DE76C26}.Debug|Any CPU.ActiveCfg = Debug|Any CPU
		{914C6420-EAD3-4169-8145-DAC22DE76C26}.Debug|Any CPU.Build.0 = Debug|Any CPU
		{914C6420-EAD3-4169-8145-DAC22DE76C26}.Debug|x64.ActiveCfg = Debug|Any CPU
		{914C6420-EAD3-4169-8145-DAC22DE76C26}.Debug|x64.Build.0 = Debug|Any CPU
		{914C6420-EAD3-4169-8145-DAC22DE76C26}.Debug|x86.ActiveCfg = Debug|Any CPU
		{914C6420-EAD3-4169-8145-DAC22DE76C26}.Debug|x86.Build.0 = Debug|Any CPU
		{914C6420-EAD3-4169-8145-DAC22DE76C26}.Release|Any CPU.ActiveCfg = Release|Any CPU
		{914C6420-EAD3-4169-8145-DAC22DE76C26}.Release|Any CPU.Build.0 = Release|Any CPU
		{914C6420-EAD3-4169-8145-DAC22DE76C26}.Release|x64.ActiveCfg = Release|Any CPU
		{914C6420-EAD3-4169-8145-DAC22DE76C26}.Release|x64.Build.0 = Release|Any CPU
		{914C6420-EAD3-4169-8145-DAC22DE76C26}.Release|x86.ActiveCfg = Release|Any CPU
		{914C6420-EAD3-4169-8145-DAC22DE76C26}.Release|x86.Build.0 = Release|Any CPU
		{74766D22-D776-4AEA-9082-19B17BC63DE6}.Debug|Any CPU.ActiveCfg = Debug|Any CPU
		{74766D22-D776-4AEA-9082-19B17BC63DE6}.Debug|Any CPU.Build.0 = Debug|Any CPU
		{74766D22-D776-4AEA-9082-19B17BC63DE6}.Debug|x64.ActiveCfg = Debug|Any CPU
		{74766D22-D776-4AEA-9082-19B17BC63DE6}.Debug|x64.Build.0 = Debug|Any CPU
		{74766D22-D776-4AEA-9082-19B17BC63DE6}.Debug|x86.ActiveCfg = Debug|Any CPU
		{74766D22-D776-4AEA-9082-19B17BC63DE6}.Debug|x86.Build.0 = Debug|Any CPU
		{74766D22-D776-4AEA-9082-19B17BC63DE6}.Release|Any CPU.ActiveCfg = Release|Any CPU
		{74766D22-D776-4AEA-9082-19B17BC63DE6}.Release|Any CPU.Build.0 = Release|Any CPU
		{74766D22-D776-4AEA-9082-19B17BC63DE6}.Release|x64.ActiveCfg = Release|Any CPU
		{74766D22-D776-4AEA-9082-19B17BC63DE6}.Release|x64.Build.0 = Release|Any CPU
		{74766D22-D776-4AEA-9082-19B17BC63DE6}.Release|x86.ActiveCfg = Release|Any CPU
		{74766D22-D776-4AEA-9082-19B17BC63DE6}.Release|x86.Build.0 = Release|Any CPU
		{95D737BE-7270-4DA4-A710-AFD8FA38DA28}.Debug|Any CPU.ActiveCfg = Debug|Any CPU
		{95D737BE-7270-4DA4-A710-AFD8FA38DA28}.Debug|Any CPU.Build.0 = Debug|Any CPU
		{95D737BE-7270-4DA4-A710-AFD8FA38DA28}.Debug|x64.ActiveCfg = Debug|Any CPU
		{95D737BE-7270-4DA4-A710-AFD8FA38DA28}.Debug|x64.Build.0 = Debug|Any CPU
		{95D737BE-7270-4DA4-A710-AFD8FA38DA28}.Debug|x86.ActiveCfg = Debug|Any CPU
		{95D737BE-7270-4DA4-A710-AFD8FA38DA28}.Debug|x86.Build.0 = Debug|Any CPU
		{95D737BE-7270-4DA4-A710-AFD8FA38DA28}.Release|Any CPU.ActiveCfg = Release|Any CPU
		{95D737BE-7270-4DA4-A710-AFD8FA38DA28}.Release|Any CPU.Build.0 = Release|Any CPU
		{95D737BE-7270-4DA4-A710-AFD8FA38DA28}.Release|x64.ActiveCfg = Release|Any CPU
		{95D737BE-7270-4DA4-A710-AFD8FA38DA28}.Release|x64.Build.0 = Release|Any CPU
		{95D737BE-7270-4DA4-A710-AFD8FA38DA28}.Release|x86.ActiveCfg = Release|Any CPU
		{95D737BE-7270-4DA4-A710-AFD8FA38DA28}.Release|x86.Build.0 = Release|Any CPU
	EndGlobalSection
	GlobalSection(SolutionProperties) = preSolution
		HideSolutionNode = FALSE
	EndGlobalSection
	GlobalSection(ExtensibilityGlobals) = postSolution
		SolutionGuid = {3653DFEA-987D-41C2-BF7A-736886B43211}
	EndGlobalSection
EndGlobal
